// !$*UTF8*$!
{
 archiveVersion = 1;
 classes = {
 };
 objectVersion = 77;
 objects = {

/* Begin PBXBuildFile section */
		A10000000000000000000001 /* LCSignLabApp.swift in Sources */ = {isa = PBXBuildFile; fileRef = A20000000000000000000001 /* LCSignLabApp.swift */; };
		A10000000000000000000002 /* AppItem.swift in Sources */ = {isa = PBXBuildFile; fileRef = A20000000000000000000002 /* AppItem.swift */; };
		A10000000000000000000003 /* SourceService.swift in Sources */ = {isa = PBXBuildFile; fileRef = A20000000000000000000003 /* SourceService.swift */; };
		A10000000000000000000004 /* ContentView.swift in Sources */ = {isa = PBXBuildFile; fileRef = A20000000000000000000004 /* ContentView.swift */; };
		A10000000000000000000005 /* PrivacyInfo.xcprivacy in Resources */ = {isa = PBXBuildFile; fileRef = A20000000000000000000005 /* PrivacyInfo.xcprivacy */; };
/* End PBXBuildFile section */

/* PBXFileReference section */
		A20000000000000000000001 /* LCSignLabApp.swift */ = {isa = PBXFileReference; lastKnownFileType = sourcecode.swift; path = LCSignLabApp.swift; sourceTree = "<group>"; };
		A20000000000000000000002 /* AppItem.swift */ = {isa = PBXFileReference; lastKnownFileType = sourcecode.swift; path = AppItem.swift; sourceTree = "<group>"; };
		A20000000000000000000003 /* SourceService.swift */ = {isa = PBXFileReference; lastKnownFileType = sourcecode.swift; path = SourceService.swift; sourceTree = "<group>"; };
		A20000000000000000000004 /* ContentView.swift */ = {isa = PBXFileReference; lastKnownFileType = sourcecode.swift; path = ContentView.swift; sourceTree = "<group>"; };
		A20000000000000000000005 /* PrivacyInfo.xcprivacy */ = {isa = PBXFileReference; lastKnownFileType = text.xml; path = PrivacyInfo.xcprivacy; sourceTree = "<group>"; };
		A20000000000000000000006 /* LCSignLab.app */ = {isa = PBXFileReference; explicitFileType = wrapper.application; includeInIndex = 0; path = LCSignLab.app; sourceTree = BUILT_PRODUCTS_DIR; };
/* End PBXFileReference section */

/* PBXFrameworksBuildPhase section */
		A30000000000000000000001 /* Frameworks */ = {isa = PBXFrameworksBuildPhase; buildActionMask = 2147483647; files = ( ); runOnlyForDeploymentPostprocessing = 0; };
/* End PBXFrameworksBuildPhase section */

/* PBXGroup section */
		A40000000000000000000001 = {
			isa = PBXGroup;
			children = (
				A40000000000000000000002 /* LCSignLab */,
				A40000000000000000000003 /* Resources */,
				A40000000000000000000004 /* Products */,
			);
			sourceTree = "<group>";
		};
		A40000000000000000000002 /* LCSignLab */ = {
			isa = PBXGroup;
			children = (
				A20000000000000000000001 /* LCSignLabApp.swift */,
				A20000000000000000000004 /* ContentView.swift */,
				A20000000000000000000002 /* AppItem.swift */,
				A20000000000000000000003 /* SourceService.swift */,
			);
			path = LCSignLab;
			sourceTree = "<group>";
		};
		A40000000000000000000003 /* Resources */ = {
			isa = PBXGroup;
			children = (
				A20000000000000000000005 /* PrivacyInfo.xcprivacy */,
			);
			path = LCSignLab/Resources;
			sourceTree = "<group>";
		};
		A40000000000000000000004 /* Products */ = {
			isa = PBXGroup;
			children = (
				A20000000000000000000006 /* LCSignLab.app */,
			);
			name = Products;
			sourceTree = "<group>";
		};
/* End PBXGroup section */

/* PBXNativeTarget section */
		A50000000000000000000001 /* LCSignLab */ = {
			isa = PBXNativeTarget;
			buildConfigurationList = A60000000000000000000001 /* Build configuration list for PBXNativeTarget "LCSignLab" */;
			buildPhases = (
				A30000000000000000000002 /* Sources */,
				A30000000000000000000001 /* Frameworks */,
				A30000000000000000000003 /* Resources */,
			);
			buildRules = ( );
			dependencies = ( );
			name = LCSignLab;
			productName = LCSignLab;
			productReference = A20000000000000000000006 /* LCSignLab.app */;
			productType = "com.apple.product-type.application";
		};
/* End PBXNativeTarget section */

/* PBXProject section */
		A70000000000000000000001 /* Project object */ = {
			isa = PBXProject;
			attributes = {
				BuildIndependentTargetsInParallel = 1;
				LastUpgradeCheck = 2600;
				TargetAttributes = {
					A50000000000000000000001 = {
						LastSwiftMigration = 2600;
					};
				};
			};
			buildConfigurationList = A60000000000000000000002 /* Build configuration list for PBXProject "LCSignLab" */;
			compatibilityVersion = "Xcode 16.0";
			developmentRegion = en;
			hasScannedForEncodings = 0;
			knownRegions = ( en, Base );
			mainGroup = A40000000000000000000001;
			productRefGroup = A40000000000000000000004 /* Products */;
			projectDirPath = "";
			projectRoot = "";
			targets = ( A50000000000000000000001 /* LCSignLab */ );
		};
/* End PBXProject section */

/* PBXResourcesBuildPhase section */
		A30000000000000000000003 /* Resources */ = {isa = PBXResourcesBuildPhase; buildActionMask = 2147483647; files = ( A10000000000000000000005 /* PrivacyInfo.xcprivacy in Resources */, ); runOnlyForDeploymentPostprocessing = 0; };
/* End PBXResourcesBuildPhase section */

/* PBXSourcesBuildPhase section */
		A30000000000000000000002 /* Sources */ = {isa = PBXSourcesBuildPhase; buildActionMask = 2147483647; files = (
			A10000000000000000000001 /* LCSignLabApp.swift in Sources */,
			A10000000000000000000002 /* AppItem.swift in Sources */,
			A10000000000000000000003 /* SourceService.swift in Sources */,
			A10000000000000000000004 /* ContentView.swift in Sources */,
		); runOnlyForDeploymentPostprocessing = 0; };
/* End PBXSourcesBuildPhase section */

/* XCBuildConfiguration section */
		A80000000000000000000001 /* Debug */ = {
			isa = XCBuildConfiguration;
			buildSettings = {
				ALWAYS_SEARCH_USER_PATHS = NO;
				CLANG_ENABLE_MODULES = YES;
				CLANG_ENABLE_OBJC_ARC = YES;
				IPHONEOS_DEPLOYMENT_TARGET = 26.0;
				SDKROOT = iphoneos;
				SWIFT_VERSION = 6.0;
			};
			name = Debug;
		};
		A80000000000000000000002 /* Release */ = {
			isa = XCBuildConfiguration;
			buildSettings = {
				ALWAYS_SEARCH_USER_PATHS = NO;
				CLANG_ENABLE_MODULES = YES;
				CLANG_ENABLE_OBJC_ARC = YES;
				IPHONEOS_DEPLOYMENT_TARGET = 26.0;
				SDKROOT = iphoneos;
				SWIFT_VERSION = 6.0;
			};
			name = Release;
		};
		A80000000000000000000003 /* Debug Target */ = {
			isa = XCBuildConfiguration;
			buildSettings = {
				ASSETCATALOG_COMPILER_APPICON_NAME = AppIcon;
				CODE_SIGN_STYLE = Automatic;
				CURRENT_PROJECT_VERSION = 1;
				DEVELOPMENT_TEAM = "";
				GENERATE_INFOPLIST_FILE = YES;
				INFOPLIST_KEY_CFBundleDisplayName = LCSignLab;
				INFOPLIST_KEY_LSApplicationCategoryType = "public.app-category.utilities";
				LD_RUNPATH_SEARCH_PATHS = "$(inherited) @executable_path/Frameworks";
				MARKETING_VERSION = 1.0;
				PRODUCT_BUNDLE_IDENTIFIER = "com.ibaal.LCSignLab";
				PRODUCT_NAME = "$(TARGET_NAME)";
				SWIFT_EMIT_LOC_STRINGS = YES;
				SWIFT_VERSION = 6.0;
				TARGETED_DEVICE_FAMILY = "1,2";
			};
			name = Debug;
		};
		A80000000000000000000004 /* Release Target */ = {
			isa = XCBuildConfiguration;
			buildSettings = {
				ASSETCATALOG_COMPILER_APPICON_NAME = AppIcon;
				CODE_SIGN_STYLE = Automatic;
				CURRENT_PROJECT_VERSION = 1;
				DEVELOPMENT_TEAM = "";
				GENERATE_INFOPLIST_FILE = YES;
				INFOPLIST_KEY_CFBundleDisplayName = LCSignLab;
				INFOPLIST_KEY_LSApplicationCategoryType = "public.app-category.utilities";
				LD_RUNPATH_SEARCH_PATHS = "$(inherited) @executable_path/Frameworks";
				MARKETING_VERSION = 1.0;
				PRODUCT_BUNDLE_IDENTIFIER = "com.ibaal.LCSignLab";
				PRODUCT_NAME = "$(TARGET_NAME)";
				SWIFT_EMIT_LOC_STRINGS = YES;
				SWIFT_VERSION = 6.0;
				TARGETED_DEVICE_FAMILY = "1,2";
			};
			name = Release;
		};
/* End XCBuildConfiguration section */

/* XCConfigurationList section */
		A60000000000000000000001 /* Build configuration list for PBXNativeTarget "LCSignLab" */ = {
			isa = XCConfigurationList;
			buildConfigurations = (
				A80000000000000000000003 /* Debug Target */,
				A80000000000000000000004 /* Release Target */,
			);
			defaultConfigurationIsVisible = 0;
			defaultConfigurationName = Release;
		};
		A60000000000000000000002 /* Build configuration list for PBXProject "LCSignLab" */ = {
			isa = XCConfigurationList;
			buildConfigurations = (
				A80000000000000000000001 /* Debug */,
				A80000000000000000000002 /* Release */,
			);
			defaultConfigurationIsVisible = 0;
			defaultConfigurationName = Release;
		};
/* End XCConfigurationList section */
	};
	rootObject = A70000000000000000000001 /* Project object */;
}
